
Microsoft Visual Studio Solution File, Format Version 12.00
# Visual Studio Version 17
VisualStudioVersion = 17.7.34009.444
MinimumVisualStudioVersion = 10.0.40219.1
Project("{FAE04EC0-301F-11D3-BF4B-00C04F79EFBC}") = "LibreOffice", "LibreOffice\LibreOffice.csproj", "{6B1AD107-489D-444E-99FE-451A17F3E5FD}"
EndProject
Project("{FAE04EC0-301F-11D3-BF4B-00C04F79EFBC}") = "LOCalc", "LOCalc\LOCalc.csproj", "{65E2057E-9D2C-4EFC-B1EB-3BDF79ECD1A2}"
EndProject
Global
	GlobalSection(SolutionConfigurationPlatforms) = preSolution
		Debug|Any CPU = Debug|Any CPU
		Release|Any CPU = Release|Any CPU
	EndGlobalSection
	GlobalSection(ProjectConfigurationPlatforms) = postSolution
		{6B1AD107-489D-444E-99FE-451A17F3E5FD}.Debug|Any CPU.ActiveCfg = Debug|Any CPU
		{6B1AD107-489D-444E-99FE-451A17F3E5FD}.Debug|Any CPU.Build.0 = Debug|Any CPU
		{6B1AD107-489D-444E-99FE-451A17F3E5FD}.Release|Any CPU.ActiveCfg = Release|Any CPU
		{6B1AD107-489D-444E-99FE-451A17F3E5FD}.Release|Any CPU.Build.0 = Release|Any CPU
		{65E2057E-9D2C-4EFC-B1EB-3BDF79ECD1A2}.Debug|Any CPU.ActiveCfg = Debug|Any CPU
		{65E2057E-9D2C-4EFC-B1EB-3BDF79ECD1A2}.Debug|Any CPU.Build.0 = Debug|Any CPU
		{65E2057E-9D2C-4EFC-B1EB-3BDF79ECD1A2}.Release|Any CPU.ActiveCfg = Release|Any CPU
		{65E2057E-9D2C-4EFC-B1EB-3BDF79ECD1A2}.Release|Any CPU.Build.0 = Release|Any CPU
	EndGlobalSection
	GlobalSection(SolutionProperties) = preSolution
		HideSolutionNode = FALSE
	EndGlobalSection
	GlobalSection(ExtensibilityGlobals) = postSolution
		SolutionGuid = {413760D4-BDCD-49CF-9D0B-E43C34199168}
	EndGlobalSection
EndGlobal
